
Microsoft Visual Studio Solution File, Format Version 12.00
# Visual Studio Version 16
VisualStudioVersion = 16.0.31005.135
MinimumVisualStudioVersion = 10.0.40219.1
Project("{2150E333-8FDC-42A3-9474-1A3956D46DE8}") = "Configuration", "Configuration", "{F7299914-855B-4188-884C-3CCFE7693D8A}"
EndProject
Project("{2150E333-8FDC-42A3-9474-1A3956D46DE8}") = "Foundation", "Foundation", "{19867FEF-77BA-4240-9705-033D0F8F2316}"
EndProject
Project("{2150E333-8FDC-42A3-9474-1A3956D46DE8}") = "Feature", "Feature", "{529656B4-5C9E-49AB-8388-A9C2A5267D4D}"
EndProject
Project("{2150E333-8FDC-42A3-9474-1A3956D46DE8}") = "Project", "Project", "{44C31ECE-8C84-4A65-9496-09AEF60F62EF}"
EndProject
Project("{FAE04EC0-301F-11D3-BF4B-00C04F79EFBC}") = "Docker.Project.Demo", "src\Project\Demo\website\Docker.Project.Demo.csproj", "{D0BA3BA5-69F8-4A1A-8E0B-0462C7F6BDC8}"
EndProject
Global
	GlobalSection(SolutionConfigurationPlatforms) = preSolution
		Debug|Any CPU = Debug|Any CPU
		Release|Any CPU = Release|Any CPU
	EndGlobalSection
	GlobalSection(ProjectConfigurationPlatforms) = postSolution
		{D0BA3BA5-69F8-4A1A-8E0B-0462C7F6BDC8}.Debug|Any CPU.ActiveCfg = Debug|Any CPU
		{D0BA3BA5-69F8-4A1A-8E0B-0462C7F6BDC8}.Debug|Any CPU.Build.0 = Debug|Any CPU
		{D0BA3BA5-69F8-4A1A-8E0B-0462C7F6BDC8}.Release|Any CPU.ActiveCfg = Release|Any CPU
		{D0BA3BA5-69F8-4A1A-8E0B-0462C7F6BDC8}.Release|Any CPU.Build.0 = Release|Any CPU
	EndGlobalSection
	GlobalSection(SolutionProperties) = preSolution
		HideSolutionNode = FALSE
	EndGlobalSection
	GlobalSection(NestedProjects) = preSolution
		{D0BA3BA5-69F8-4A1A-8E0B-0462C7F6BDC8} = {44C31ECE-8C84-4A65-9496-09AEF60F62EF}
	EndGlobalSection
	GlobalSection(ExtensibilityGlobals) = postSolution
		SolutionGuid = {BB539F9B-2B37-4B0B-A421-45E11FC62597}
	EndGlobalSection
EndGlobal
